
Microsoft Visual Studio Solution File, Format Version 12.00
# Visual Studio Version 16
VisualStudioVersion = 16.0.30717.126
MinimumVisualStudioVersion = 10.0.40219.1
Project("{9A19103F-16F7-4668-BE54-9A1E7A4F7556}") = "OutboxTest", "OutboxTest\OutboxTest.csproj", "{FAE27461-8079-4912-871C-EFE5411E6A39}"
EndProject
Project("{9A19103F-16F7-4668-BE54-9A1E7A4F7556}") = "Outbox", "Outbox\Outbox.csproj", "{9DCA3F50-0FCF-48F9-B236-6A9BA4B24BCA}"
EndProject
Project("{9A19103F-16F7-4668-BE54-9A1E7A4F7556}") = "Outbox.SqlServer", "Outbox.SqlServer\Outbox.SqlServer.csproj", "{458FC724-C421-485D-9353-5E513EF46DB1}"
EndProject
Global
	GlobalSection(SolutionConfigurationPlatforms) = preSolution
		Debug|Any CPU = Debug|Any CPU
		Release|Any CPU = Release|Any CPU
	EndGlobalSection
	GlobalSection(ProjectConfigurationPlatforms) = postSolution
		{FAE27461-8079-4912-871C-EFE5411E6A39}.Debug|Any CPU.ActiveCfg = Debug|Any CPU
		{FAE27461-8079-4912-871C-EFE5411E6A39}.Debug|Any CPU.Build.0 = Debug|Any CPU
		{FAE27461-8079-4912-871C-EFE5411E6A39}.Release|Any CPU.ActiveCfg = Release|Any CPU
		{FAE27461-8079-4912-871C-EFE5411E6A39}.Release|Any CPU.Build.0 = Release|Any CPU
		{9DCA3F50-0FCF-48F9-B236-6A9BA4B24BCA}.Debug|Any CPU.ActiveCfg = Debug|Any CPU
		{9DCA3F50-0FCF-48F9-B236-6A9BA4B24BCA}.Debug|Any CPU.Build.0 = Debug|Any CPU
		{9DCA3F50-0FCF-48F9-B236-6A9BA4B24BCA}.Release|Any CPU.ActiveCfg = Release|Any CPU
		{9DCA3F50-0FCF-48F9-B236-6A9BA4B24BCA}.Release|Any CPU.Build.0 = Release|Any CPU
		{458FC724-C421-485D-9353-5E513EF46DB1}.Debug|Any CPU.ActiveCfg = Debug|Any CPU
		{458FC724-C421-485D-9353-5E513EF46DB1}.Debug|Any CPU.Build.0 = Debug|Any CPU
		{458FC724-C421-485D-9353-5E513EF46DB1}.Release|Any CPU.ActiveCfg = Release|Any CPU
		{458FC724-C421-485D-9353-5E513EF46DB1}.Release|Any CPU.Build.0 = Release|Any CPU
	EndGlobalSection
	GlobalSection(SolutionProperties) = preSolution
		HideSolutionNode = FALSE
	EndGlobalSection
	GlobalSection(ExtensibilityGlobals) = postSolution
		SolutionGuid = {CC768484-2C28-468C-9FBA-2BA95B4AE92D}
	EndGlobalSection
EndGlobal
